// !$*UTF8*$!
{
	archiveVersion = 1;
	classes = {
	};
	objectVersion = 46;
	objects = {

/* Begin PBXBuildFile section */
		7EC7EE9919987645005E4209 /* main.swift in Sources */ = {isa = PBXBuildFile; fileRef = 7EC7EE9819987645005E4209 /* main.swift */; };
		7EC7EE9B19987645005E4209 /* AppDelegate.swift in Sources */ = {isa = PBXBuildFile; fileRef = 7EC7EE9A19987645005E4209 /* AppDelegate.swift */; };
		7EC7EE9D19987645005E4209 /* Images.xcassets in Resources */ = {isa = PBXBuildFile; fileRef = 7EC7EE9C19987645005E4209 /* Images.xcassets */; };
		7EC7EEA019987645005E4209 /* MainMenu.xib in Resources */ = {isa = PBXBuildFile; fileRef = 7EC7EE9E19987645005E4209 /* MainMenu.xib */; };
		7EC7EEAC19987645005E4209 /* Desktop2FATests.swift in Sources */ = {isa = PBXBuildFile; fileRef = 7EC7EEAB19987645005E4209 /* Desktop2FATests.swift */; };
/* End PBXBuildFile section */

/* Begin PBXContainerItemProxy section */
		7EC7EEA619987645005E4209 /* PBXContainerItemProxy */ = {
			isa = PBXContainerItemProxy;
			containerPortal = 7EC7EE8B19987644005E4209 /* Project object */;
			proxyType = 1;
			remoteGlobalIDString = 7EC7EE9219987645005E4209;
			remoteInfo = Desktop2FA;
		};
/* End PBXContainerItemProxy section */

/* Begin PBXFileReference section */
		7EC7EE9319987645005E4209 /* Desktop2FA.app */ = {isa = PBXFileReference; explicitFileType = wrapper.application; includeInIndex = 0; path = Desktop2FA.app; sourceTree = BUILT_PRODUCTS_DIR; };
		7EC7EE9719987645005E4209 /* Info.plist */ = {isa = PBXFileReference; lastKnownFileType = text.plist.xml; path = Info.plist; sourceTree = "<group>"; };
		7EC7EE9819987645005E4209 /* main.swift */ = {isa = PBXFileReference; lastKnownFileType = sourcecode.swift; path = main.swift; sourceTree = "<group>"; };
		7EC7EE9A19987645005E4209 /* AppDelegate.swift */ = {isa = PBXFileReference; lastKnownFileType = sourcecode.swift; path = AppDelegate.swift; sourceTree = "<group>"; };
		7EC7EE9C19987645005E4209 /* Images.xcassets */ = {isa = PBXFileReference; lastKnownFileType = folder.assetcatalog; path = Images.xcassets; sourceTree = "<group>"; };
		7EC7EE9F19987645005E4209 /* Base */ = {isa = PBXFileReference; lastKnownFileType = file.xib; name = Base; path = Base.lproj/MainMenu.xib; sourceTree = "<group>"; };
		7EC7EEA519987645005E4209 /* Desktop2FATests.xctest */ = {isa = PBXFileReference; explicitFileType = wrapper.cfbundle; includeInIndex = 0; path = Desktop2FATests.xctest; sourceTree = BUILT_PRODUCTS_DIR; };
		7EC7EEAA19987645005E4209 /* Info.plist */ = {isa = PBXFileReference; lastKnownFileType = text.plist.xml; path = Info.plist; sourceTree = "<group>"; };
		7EC7EEAB19987645005E4209 /* Desktop2FATests.swift */ = {isa = PBXFileReference; lastKnownFileType = sourcecode.swift; path = Desktop2FATests.swift; sourceTree = "<group>"; };
/* End PBXFileReference section */

/* Begin PBXFrameworksBuildPhase section */
		7EC7EE9019987645005E4209 /* Frameworks */ = {
			isa = PBXFrameworksBuildPhase;
			buildActionMask = 2147483647;
			files = (
			);
			runOnlyForDeploymentPostprocessing = 0;
		};
		7EC7EEA219987645005E4209 /* Frameworks */ = {
			isa = PBXFrameworksBuildPhase;
			buildActionMask = 2147483647;
			files = (
			);
			runOnlyForDeploymentPostprocessing = 0;
		};
/* End PBXFrameworksBuildPhase section */

/* Begin PBXGroup section */
		7EC7EE8A19987644005E4209 = {
			isa = PBXGroup;
			children = (
				7EC7EE9519987645005E4209 /* Desktop2FA */,
				7EC7EEA819987645005E4209 /* Desktop2FATests */,
				7EC7EE9419987645005E4209 /* Products */,
			);
			sourceTree = "<group>";
		};
		7EC7EE9419987645005E4209 /* Products */ = {
			isa = PBXGroup;
			children = (
				7EC7EE9319987645005E4209 /* Desktop2FA.app */,
				7EC7EEA519987645005E4209 /* Desktop2FATests.xctest */,
			);
			name = Products;
			sourceTree = "<group>";
		};
		7EC7EE9519987645005E4209 /* Desktop2FA */ = {
			isa = PBXGroup;
			children = (
				7EC7EE9A19987645005E4209 /* AppDelegate.swift */,
				7EC7EE9C19987645005E4209 /* Images.xcassets */,
				7EC7EE9E19987645005E4209 /* MainMenu.xib */,
				7EC7EE9619987645005E4209 /* Supporting Files */,
			);
			path = Desktop2FA;
			sourceTree = "<group>";
		};
		7EC7EE9619987645005E4209 /* Supporting Files */ = {
			isa = PBXGroup;
			children = (
				7EC7EE9719987645005E4209 /* Info.plist */,
				7EC7EE9819987645005E4209 /* main.swift */,
			);
			name = "Supporting Files";
			sourceTree = "<group>";
		};
		7EC7EEA819987645005E4209 /* Desktop2FATests */ = {
			isa = PBXGroup;
			children = (
				7EC7EEAB19987645005E4209 /* Desktop2FATests.swift */,
				7EC7EEA919987645005E4209 /* Supporting Files */,
			);
			path = Desktop2FATests;
			sourceTree = "<group>";
		};
		7EC7EEA919987645005E4209 /* Supporting Files */ = {
			isa = PBXGroup;
			children = (
				7EC7EEAA19987645005E4209 /* Info.plist */,
			);
			name = "Supporting Files";
			sourceTree = "<group>";
		};
/* End PBXGroup section */

/* Begin PBXNativeTarget section */
		7EC7EE9219987645005E4209 /* Desktop2FA */ = {
			isa = PBXNativeTarget;
			buildConfigurationList = 7EC7EEAF19987645005E4209 /* Build configuration list for PBXNativeTarget "Desktop2FA" */;
			buildPhases = (
				7EC7EE8F19987645005E4209 /* Sources */,
				7EC7EE9019987645005E4209 /* Frameworks */,
				7EC7EE9119987645005E4209 /* Resources */,
			);
			buildRules = (
			);
			dependencies = (
			);
			name = Desktop2FA;
			productName = Desktop2FA;
			productReference = 7EC7EE9319987645005E4209 /* Desktop2FA.app */;
			productType = "com.apple.product-type.application";
		};
		7EC7EEA419987645005E4209 /* Desktop2FATests */ = {
			isa = PBXNativeTarget;
			buildConfigurationList = 7EC7EEB219987645005E4209 /* Build configuration list for PBXNativeTarget "Desktop2FATests" */;
			buildPhases = (
				7EC7EEA119987645005E4209 /* Sources */,
				7EC7EEA219987645005E4209 /* Frameworks */,
				7EC7EEA319987645005E4209 /* Resources */,
			);
			buildRules = (
			);
			dependencies = (
				7EC7EEA719987645005E4209 /* PBXTargetDependency */,
			);
			name = Desktop2FATests;
			productName = Desktop2FATests;
			productReference = 7EC7EEA519987645005E4209 /* Desktop2FATests.xctest */;
			productType = "com.apple.product-type.bundle.unit-test";
		};
/* End PBXNativeTarget section */

/* Begin PBXProject section */
		7EC7EE8B19987644005E4209 /* Project object */ = {
			isa = PBXProject;
			attributes = {
				LastUpgradeCheck = 0600;
				ORGANIZATIONNAME = "Takashi Kawachi";
				TargetAttributes = {
					7EC7EE9219987645005E4209 = {
						CreatedOnToolsVersion = 6.0;
					};
					7EC7EEA419987645005E4209 = {
						CreatedOnToolsVersion = 6.0;
						TestTargetID = 7EC7EE9219987645005E4209;
					};
				};
			};
			buildConfigurationList = 7EC7EE8E19987644005E4209 /* Build configuration list for PBXProject "Desktop2FA" */;
			compatibilityVersion = "Xcode 3.2";
			developmentRegion = English;
			hasScannedForEncodings = 0;
			knownRegions = (
				en,
				Base,
			);
			mainGroup = 7EC7EE8A19987644005E4209;
			productRefGroup = 7EC7EE9419987645005E4209 /* Products */;
			projectDirPath = "";
			projectRoot = "";
			targets = (
				7EC7EE9219987645005E4209 /* Desktop2FA */,
				7EC7EEA419987645005E4209 /* Desktop2FATests */,
			);
		};
/* End PBXProject section */

/* Begin PBXResourcesBuildPhase section */
		7EC7EE9119987645005E4209 /* Resources */ = {
			isa = PBXResourcesBuildPhase;
			buildActionMask = 2147483647;
			files = (
				7EC7EE9D19987645005E4209 /* Images.xcassets in Resources */,
				7EC7EEA019987645005E4209 /* MainMenu.xib in Resources */,
			);
			runOnlyForDeploymentPostprocessing = 0;
		};
		7EC7EEA319987645005E4209 /* Resources */ = {
			isa = PBXResourcesBuildPhase;
			buildActionMask = 2147483647;
			files = (
			);
			runOnlyForDeploymentPostprocessing = 0;
		};
/* End PBXResourcesBuildPhase section */

/* Begin PBXSourcesBuildPhase section */
		7EC7EE8F19987645005E4209 /* Sources */ = {
			isa = PBXSourcesBuildPhase;
			buildActionMask = 2147483647;
			files = (
				7EC7EE9B19987645005E4209 /* AppDelegate.swift in Sources */,
				7EC7EE9919987645005E4209 /* main.swift in Sources */,
			);
			runOnlyForDeploymentPostprocessing = 0;
		};
		7EC7EEA119987645005E4209 /* Sources */ = {
			isa = PBXSourcesBuildPhase;
			buildActionMask = 2147483647;
			files = (
				7EC7EEAC19987645005E4209 /* Desktop2FATests.swift in Sources */,
			);
			runOnlyForDeploymentPostprocessing = 0;
		};
/* End PBXSourcesBuildPhase section */

/* Begin PBXTargetDependency section */
		7EC7EEA719987645005E4209 /* PBXTargetDependency */ = {
			isa = PBXTargetDependency;
			target = 7EC7EE9219987645005E4209 /* Desktop2FA */;
			targetProxy = 7EC7EEA619987645005E4209 /* PBXContainerItemProxy */;
		};
/* End PBXTargetDependency section */

/* Begin PBXVariantGroup section */
		7EC7EE9E19987645005E4209 /* MainMenu.xib */ = {
			isa = PBXVariantGroup;
			children = (
				7EC7EE9F19987645005E4209 /* Base */,
			);
			name = MainMenu.xib;
			sourceTree = "<group>";
		};
/* End PBXVariantGroup section */

/* Begin XCBuildConfiguration section */
		7EC7EEAD19987645005E4209 /* Debug */ = {
			isa = XCBuildConfiguration;
			buildSettings = {
				ALWAYS_SEARCH_USER_PATHS = NO;
				CLANG_CXX_LANGUAGE_STANDARD = "gnu++0x";
				CLANG_CXX_LIBRARY = "libc++";
				CLANG_ENABLE_MODULES = YES;
				CLANG_ENABLE_OBJC_ARC = YES;
				CLANG_WARN_BOOL_CONVERSION = YES;
				CLANG_WARN_CONSTANT_CONVERSION = YES;
				CLANG_WARN_DIRECT_OBJC_ISA_USAGE = YES_ERROR;
				CLANG_WARN_EMPTY_BODY = YES;
				CLANG_WARN_ENUM_CONVERSION = YES;
				CLANG_WARN_INT_CONVERSION = YES;
				CLANG_WARN_OBJC_ROOT_CLASS = YES_ERROR;
				CLANG_WARN_UNREACHABLE_CODE = YES;
				CLANG_WARN__DUPLICATE_METHOD_MATCH = YES;
				CODE_SIGN_IDENTITY = "-";
				COPY_PHASE_STRIP = NO;
				ENABLE_STRICT_OBJC_MSGSEND = YES;
				GCC_C_LANGUAGE_STANDARD = gnu99;
				GCC_DYNAMIC_NO_PIC = NO;
				GCC_OPTIMIZATION_LEVEL = 0;
				GCC_PREPROCESSOR_DEFINITIONS = (
					"DEBUG=1",
					"$(inherited)",
				);
				GCC_SYMBOLS_PRIVATE_EXTERN = NO;
				GCC_WARN_64_TO_32_BIT_CONVERSION = YES;
				GCC_WARN_ABOUT_RETURN_TYPE = YES_ERROR;
				GCC_WARN_UNDECLARED_SELECTOR = YES;
				GCC_WARN_UNINITIALIZED_AUTOS = YES_AGGRESSIVE;
				GCC_WARN_UNUSED_FUNCTION = YES;
				GCC_WARN_UNUSED_VARIABLE = YES;
				MACOSX_DEPLOYMENT_TARGET = 10.9;
				MTL_ENABLE_DEBUG_INFO = YES;
				ONLY_ACTIVE_ARCH = YES;
				SDKROOT = macosx;
				SWIFT_OPTIMIZATION_LEVEL = "-Onone";
			};
			name = Debug;
		};
		7EC7EEAE19987645005E4209 /* Release */ = {
			isa = XCBuildConfiguration;
			buildSettings = {
				ALWAYS_SEARCH_USER_PATHS = NO;
				CLANG_CXX_LANGUAGE_STANDARD = "gnu++0x";
				CLANG_CXX_LIBRARY = "libc++";
				CLANG_ENABLE_MODULES = YES;
				CLANG_ENABLE_OBJC_ARC = YES;
				CLANG_WARN_BOOL_CONVERSION = YES;
				CLANG_WARN_CONSTANT_CONVERSION = YES;
				CLANG_WARN_DIRECT_OBJC_ISA_USAGE = YES_ERROR;
				CLANG_WARN_EMPTY_BODY = YES;
				CLANG_WARN_ENUM_CONVERSION = YES;
				CLANG_WARN_INT_CONVERSION = YES;
				CLANG_WARN_OBJC_ROOT_CLASS = YES_ERROR;
				CLANG_WARN_UNREACHABLE_CODE = YES;
				CLANG_WARN__DUPLICATE_METHOD_MATCH = YES;
				CODE_SIGN_IDENTITY = "-";
				COPY_PHASE_STRIP = YES;
				DEBUG_INFORMATION_FORMAT = "dwarf-with-dsym";
				ENABLE_NS_ASSERTIONS = NO;
				ENABLE_STRICT_OBJC_MSGSEND = YES;
				GCC_C_LANGUAGE_STANDARD = gnu99;
				GCC_WARN_64_TO_32_BIT_CONVERSION = YES;
				GCC_WARN_ABOUT_RETURN_TYPE = YES_ERROR;
				GCC_WARN_UNDECLARED_SELECTOR = YES;
				GCC_WARN_UNINITIALIZED_AUTOS = YES_AGGRESSIVE;
				GCC_WARN_UNUSED_FUNCTION = YES;
				GCC_WARN_UNUSED_VARIABLE = YES;
				MACOSX_DEPLOYMENT_TARGET = 10.9;
				MTL_ENABLE_DEBUG_INFO = NO;
				SDKROOT = macosx;
			};
			name = Release;
		};
		7EC7EEB019987645005E4209 /* Debug */ = {
			isa = XCBuildConfiguration;
			buildSettings = {
				ASSETCATALOG_COMPILER_APPICON_NAME = AppIcon;
				COMBINE_HIDPI_IMAGES = YES;
				INFOPLIST_FILE = Desktop2FA/Info.plist;
				LD_RUNPATH_SEARCH_PATHS = "$(inherited) @executable_path/../Frameworks";
				PRODUCT_NAME = "$(TARGET_NAME)";
			};
			name = Debug;
		};
		7EC7EEB119987645005E4209 /* Release */ = {
			isa = XCBuildConfiguration;
			buildSettings = {
				ASSETCATALOG_COMPILER_APPICON_NAME = AppIcon;
				COMBINE_HIDPI_IMAGES = YES;
				INFOPLIST_FILE = Desktop2FA/Info.plist;
				LD_RUNPATH_SEARCH_PATHS = "$(inherited) @executable_path/../Frameworks";
				PRODUCT_NAME = "$(TARGET_NAME)";
			};
			name = Release;
		};
		7EC7EEB319987645005E4209 /* Debug */ = {
			isa = XCBuildConfiguration;
			buildSettings = {
				BUNDLE_LOADER = "$(TEST_HOST)";
				COMBINE_HIDPI_IMAGES = YES;
				FRAMEWORK_SEARCH_PATHS = (
					"$(DEVELOPER_FRAMEWORKS_DIR)",
					"$(inherited)",
				);
				GCC_PREPROCESSOR_DEFINITIONS = (
					"DEBUG=1",
					"$(inherited)",
				);
				INFOPLIST_FILE = Desktop2FATests/Info.plist;
				LD_RUNPATH_SEARCH_PATHS = "$(inherited) @executable_path/../Frameworks @loader_path/../Frameworks";
				PRODUCT_NAME = "$(TARGET_NAME)";
				TEST_HOST = "$(BUILT_PRODUCTS_DIR)/Desktop2FA.app/Contents/MacOS/Desktop2FA";
			};
			name = Debug;
		};
		7EC7EEB419987645005E4209 /* Release */ = {
			isa = XCBuildConfiguration;
			buildSettings = {
				BUNDLE_LOADER = "$(TEST_HOST)";
				COMBINE_HIDPI_IMAGES = YES;
				FRAMEWORK_SEARCH_PATHS = (
					"$(DEVELOPER_FRAMEWORKS_DIR)",
					"$(inherited)",
				);
				INFOPLIST_FILE = Desktop2FATests/Info.plist;
				LD_RUNPATH_SEARCH_PATHS = "$(inherited) @executable_path/../Frameworks @loader_path/../Frameworks";
				PRODUCT_NAME = "$(TARGET_NAME)";
				TEST_HOST = "$(BUILT_PRODUCTS_DIR)/Desktop2FA.app/Contents/MacOS/Desktop2FA";
			};
			name = Release;
		};
/* End XCBuildConfiguration section */

/* Begin XCConfigurationList section */
		7EC7EE8E19987644005E4209 /* Build configuration list for PBXProject "Desktop2FA" */ = {
			isa = XCConfigurationList;
			buildConfigurations = (
				7EC7EEAD19987645005E4209 /* Debug */,
				7EC7EEAE19987645005E4209 /* Release */,
			);
			defaultConfigurationIsVisible = 0;
			defaultConfigurationName = Release;
		};
		7EC7EEAF19987645005E4209 /* Build configuration list for PBXNativeTarget "Desktop2FA" */ = {
			isa = XCConfigurationList;
			buildConfigurations = (
				7EC7EEB019987645005E4209 /* Debug */,
				7EC7EEB119987645005E4209 /* Release */,
			);
			defaultConfigurationIsVisible = 0;
		};
		7EC7EEB219987645005E4209 /* Build configuration list for PBXNativeTarget "Desktop2FATests" */ = {
			isa = XCConfigurationList;
			buildConfigurations = (
				7EC7EEB319987645005E4209 /* Debug */,
				7EC7EEB419987645005E4209 /* Release */,
			);
			defaultConfigurationIsVisible = 0;
		};
/* End XCConfigurationList section */
	};
	rootObject = 7EC7EE8B19987644005E4209 /* Project object */;
}
